// !$*UTF8*$!
{
	archiveVersion = 1;
	classes = {
	};
	objectVersion = 50;
	objects = {

/* Begin PBXBuildFile section */
		E4262D18245613B400B8C8CC /* AppDelegate.swift in Sources */ = {isa = PBXBuildFile; fileRef = E4262D17245613B400B8C8CC /* AppDelegate.swift */; };
		E4262D1A245613B400B8C8CC /* SceneDelegate.swift in Sources */ = {isa = PBXBuildFile; fileRef = E4262D19245613B400B8C8CC /* SceneDelegate.swift */; };
		E4262D1C245613B400B8C8CC /* AnimalListViewController.swift in Sources */ = {isa = PBXBuildFile; fileRef = E4262D1B245613B400B8C8CC /* AnimalListViewController.swift */; };
		E4262D1F245613B400B8C8CC /* Main.storyboard in Resources */ = {isa = PBXBuildFile; fileRef = E4262D1D245613B400B8C8CC /* Main.storyboard */; };
		E4262D21245613B600B8C8CC /* Assets.xcassets in Resources */ = {isa = PBXBuildFile; fileRef = E4262D20245613B600B8C8CC /* Assets.xcassets */; };
		E4262D24245613B600B8C8CC /* LaunchScreen.storyboard in Resources */ = {isa = PBXBuildFile; fileRef = E4262D22245613B600B8C8CC /* LaunchScreen.storyboard */; };
		E4262D2C2456168000B8C8CC /* AnimalTableViewCell.swift in Sources */ = {isa = PBXBuildFile; fileRef = E4262D2B2456168000B8C8CC /* AnimalTableViewCell.swift */; };
		E4262D2E245617ED00B8C8CC /* Animal.swift in Sources */ = {isa = PBXBuildFile; fileRef = E4262D2D245617ED00B8C8CC /* Animal.swift */; };
		E4262D302456193E00B8C8CC /* Animals.swift in Sources */ = {isa = PBXBuildFile; fileRef = E4262D2F2456193E00B8C8CC /* Animals.swift */; };
		E4262D322456628A00B8C8CC /* AnimalDetailTableViewController.swift in Sources */ = {isa = PBXBuildFile; fileRef = E4262D312456628A00B8C8CC /* AnimalDetailTableViewController.swift */; };
/* End PBXBuildFile section */

/* Begin PBXFileReference section */
		E4262D14245613B400B8C8CC /* AniLog.app */ = {isa = PBXFileReference; explicitFileType = wrapper.application; includeInIndex = 0; path = AniLog.app; sourceTree = BUILT_PRODUCTS_DIR; };
		E4262D17245613B400B8C8CC /* AppDelegate.swift */ = {isa = PBXFileReference; lastKnownFileType = sourcecode.swift; path = AppDelegate.swift; sourceTree = "<group>"; };
		E4262D19245613B400B8C8CC /* SceneDelegate.swift */ = {isa = PBXFileReference; lastKnownFileType = sourcecode.swift; path = SceneDelegate.swift; sourceTree = "<group>"; };
		E4262D1B245613B400B8C8CC /* AnimalListViewController.swift */ = {isa = PBXFileReference; lastKnownFileType = sourcecode.swift; path = AnimalListViewController.swift; sourceTree = "<group>"; };
		E4262D1E245613B400B8C8CC /* Base */ = {isa = PBXFileReference; lastKnownFileType = file.storyboard; name = Base; path = Base.lproj/Main.storyboard; sourceTree = "<group>"; };
		E4262D20245613B600B8C8CC /* Assets.xcassets */ = {isa = PBXFileReference; lastKnownFileType = folder.assetcatalog; path = Assets.xcassets; sourceTree = "<group>"; };
		E4262D23245613B600B8C8CC /* Base */ = {isa = PBXFileReference; lastKnownFileType = file.storyboard; name = Base; path = Base.lproj/LaunchScreen.storyboard; sourceTree = "<group>"; };
		E4262D25245613B600B8C8CC /* Info.plist */ = {isa = PBXFileReference; lastKnownFileType = text.plist.xml; path = Info.plist; sourceTree = "<group>"; };
		E4262D2B2456168000B8C8CC /* AnimalTableViewCell.swift */ = {isa = PBXFileReference; lastKnownFileType = sourcecode.swift; path = AnimalTableViewCell.swift; sourceTree = "<group>"; };
		E4262D2D245617ED00B8C8CC /* Animal.swift */ = {isa = PBXFileReference; lastKnownFileType = sourcecode.swift; path = Animal.swift; sourceTree = "<group>"; };
		E4262D2F2456193E00B8C8CC /* Animals.swift */ = {isa = PBXFileReference; lastKnownFileType = sourcecode.swift; path = Animals.swift; sourceTree = "<group>"; };
		E4262D312456628A00B8C8CC /* AnimalDetailTableViewController.swift */ = {isa = PBXFileReference; lastKnownFileType = sourcecode.swift; path = AnimalDetailTableViewController.swift; sourceTree = "<group>"; };
/* End PBXFileReference section */

/* Begin PBXFrameworksBuildPhase section */
		E4262D11245613B400B8C8CC /* Frameworks */ = {
			isa = PBXFrameworksBuildPhase;
			buildActionMask = 2147483647;
			files = (
			);
			runOnlyForDeploymentPostprocessing = 0;
		};
/* End PBXFrameworksBuildPhase section */

/* Begin PBXGroup section */
		E4262D0B245613B400B8C8CC = {
			isa = PBXGroup;
			children = (
				E4262D16245613B400B8C8CC /* AniLog */,
				E4262D15245613B400B8C8CC /* Products */,
			);
			sourceTree = "<group>";
		};
		E4262D15245613B400B8C8CC /* Products */ = {
			isa = PBXGroup;
			children = (
				E4262D14245613B400B8C8CC /* AniLog.app */,
			);
			name = Products;
			sourceTree = "<group>";
		};
		E4262D16245613B400B8C8CC /* AniLog */ = {
			isa = PBXGroup;
			children = (
				E4262D17245613B400B8C8CC /* AppDelegate.swift */,
				E4262D19245613B400B8C8CC /* SceneDelegate.swift */,
				E4262D2F2456193E00B8C8CC /* Animals.swift */,
				E4262D2D245617ED00B8C8CC /* Animal.swift */,
				E4262D2B2456168000B8C8CC /* AnimalTableViewCell.swift */,
				E4262D1B245613B400B8C8CC /* AnimalListViewController.swift */,
				E4262D312456628A00B8C8CC /* AnimalDetailTableViewController.swift */,
				E4262D1D245613B400B8C8CC /* Main.storyboard */,
				E4262D20245613B600B8C8CC /* Assets.xcassets */,
				E4262D22245613B600B8C8CC /* LaunchScreen.storyboard */,
				E4262D25245613B600B8C8CC /* Info.plist */,
			);
			path = AniLog;
			sourceTree = "<group>";
		};
/* End PBXGroup section */

/* Begin PBXNativeTarget section */
		E4262D13245613B400B8C8CC /* AniLog */ = {
			isa = PBXNativeTarget;
			buildConfigurationList = E4262D28245613B600B8C8CC /* Build configuration list for PBXNativeTarget "AniLog" */;
			buildPhases = (
				E4262D10245613B400B8C8CC /* Sources */,
				E4262D11245613B400B8C8CC /* Frameworks */,
				E4262D12245613B400B8C8CC /* Resources */,
			);
			buildRules = (
			);
			dependencies = (
			);
			name = AniLog;
			productName = AniLog;
			productReference = E4262D14245613B400B8C8CC /* AniLog.app */;
			productType = "com.apple.product-type.application";
		};
/* End PBXNativeTarget section */

/* Begin PBXProject section */
		E4262D0C245613B400B8C8CC /* Project object */ = {
			isa = PBXProject;
			attributes = {
				LastSwiftUpdateCheck = 1140;
				LastUpgradeCheck = 1140;
				ORGANIZATIONNAME = "Shane Barys";
				TargetAttributes = {
					E4262D13245613B400B8C8CC = {
						CreatedOnToolsVersion = 11.4.1;
					};
				};
			};
			buildConfigurationList = E4262D0F245613B400B8C8CC /* Build configuration list for PBXProject "AniLog" */;
			compatibilityVersion = "Xcode 9.3";
			developmentRegion = en;
			hasScannedForEncodings = 0;
			knownRegions = (
				en,
				Base,
			);
			mainGroup = E4262D0B245613B400B8C8CC;
			productRefGroup = E4262D15245613B400B8C8CC /* Products */;
			projectDirPath = "";
			projectRoot = "";
			targets = (
				E4262D13245613B400B8C8CC /* AniLog */,
			);
		};
/* End PBXProject section */

/* Begin PBXResourcesBuildPhase section */
		E4262D12245613B400B8C8CC /* Resources */ = {
			isa = PBXResourcesBuildPhase;
			buildActionMask = 2147483647;
			files = (
				E4262D24245613B600B8C8CC /* LaunchScreen.storyboard in Resources */,
				E4262D21245613B600B8C8CC /* Assets.xcassets in Resources */,
				E4262D1F245613B400B8C8CC /* Main.storyboard in Resources */,
			);
			runOnlyForDeploymentPostprocessing = 0;
		};
/* End PBXResourcesBuildPhase section */

/* Begin PBXSourcesBuildPhase section */
		E4262D10245613B400B8C8CC /* Sources */ = {
			isa = PBXSourcesBuildPhase;
			buildActionMask = 2147483647;
			files = (
				E4262D322456628A00B8C8CC /* AnimalDetailTableViewController.swift in Sources */,
				E4262D1C245613B400B8C8CC /* AnimalListViewController.swift in Sources */,
				E4262D302456193E00B8C8CC /* Animals.swift in Sources */,
				E4262D2C2456168000B8C8CC /* AnimalTableViewCell.swift in Sources */,
				E4262D18245613B400B8C8CC /* AppDelegate.swift in Sources */,
				E4262D1A245613B400B8C8CC /* SceneDelegate.swift in Sources */,
				E4262D2E245617ED00B8C8CC /* Animal.swift in Sources */,
			);
			runOnlyForDeploymentPostprocessing = 0;
		};
/* End PBXSourcesBuildPhase section */

/* Begin PBXVariantGroup section */
		E4262D1D245613B400B8C8CC /* Main.storyboard */ = {
			isa = PBXVariantGroup;
			children = (
				E4262D1E245613B400B8C8CC /* Base */,
			);
			name = Main.storyboard;
			sourceTree = "<group>";
		};
		E4262D22245613B600B8C8CC /* LaunchScreen.storyboard */ = {
			isa = PBXVariantGroup;
			children = (
				E4262D23245613B600B8C8CC /* Base */,
			);
			name = LaunchScreen.storyboard;
			sourceTree = "<group>";
		};
/* End PBXVariantGroup section */

/* Begin XCBuildConfiguration section */
		E4262D26245613B600B8C8CC /* Debug */ = {
			isa = XCBuildConfiguration;
			buildSettings = {
				ALWAYS_SEARCH_USER_PATHS = NO;
				CLANG_ANALYZER_NONNULL = YES;
				CLANG_ANALYZER_NUMBER_OBJECT_CONVERSION = YES_AGGRESSIVE;
				CLANG_CXX_LANGUAGE_STANDARD = "gnu++14";
				CLANG_CXX_LIBRARY = "libc++";
				CLANG_ENABLE_MODULES = YES;
				CLANG_ENABLE_OBJC_ARC = YES;
				CLANG_ENABLE_OBJC_WEAK = YES;
				CLANG_WARN_BLOCK_CAPTURE_AUTORELEASING = YES;
				CLANG_WARN_BOOL_CONVERSION = YES;
				CLANG_WARN_COMMA = YES;
				CLANG_WARN_CONSTANT_CONVERSION = YES;
				CLANG_WARN_DEPRECATED_OBJC_IMPLEMENTATIONS = YES;
				CLANG_WARN_DIRECT_OBJC_ISA_USAGE = YES_ERROR;
				CLANG_WARN_DOCUMENTATION_COMMENTS = YES;
				CLANG_WARN_EMPTY_BODY = YES;
				CLANG_WARN_ENUM_CONVERSION = YES;
				CLANG_WARN_INFINITE_RECURSION = YES;
				CLANG_WARN_INT_CONVERSION = YES;
				CLANG_WARN_NON_LITERAL_NULL_CONVERSION = YES;
				CLANG_WARN_OBJC_IMPLICIT_RETAIN_SELF = YES;
				CLANG_WARN_OBJC_LITERAL_CONVERSION = YES;
				CLANG_WARN_OBJC_ROOT_CLASS = YES_ERROR;
				CLANG_WARN_RANGE_LOOP_ANALYSIS = YES;
				CLANG_WARN_STRICT_PROTOTYPES = YES;
				CLANG_WARN_SUSPICIOUS_MOVE = YES;
				CLANG_WARN_UNGUARDED_AVAILABILITY = YES_AGGRESSIVE;
				CLANG_WARN_UNREACHABLE_CODE = YES;
				CLANG_WARN__DUPLICATE_METHOD_MATCH = YES;
				COPY_PHASE_STRIP = NO;
				DEBUG_INFORMATION_FORMAT = dwarf;
				ENABLE_STRICT_OBJC_MSGSEND = YES;
				ENABLE_TESTABILITY = YES;
				GCC_C_LANGUAGE_STANDARD = gnu11;
				GCC_DYNAMIC_NO_PIC = NO;
				GCC_NO_COMMON_BLOCKS = YES;
				GCC_OPTIMIZATION_LEVEL = 0;
				GCC_PREPROCESSOR_DEFINITIONS = (
					"DEBUG=1",
					"$(inherited)",
				);
				GCC_WARN_64_TO_32_BIT_CONVERSION = YES;
				GCC_WARN_ABOUT_RETURN_TYPE = YES_ERROR;
				GCC_WARN_UNDECLARED_SELECTOR = YES;
				GCC_WARN_UNINITIALIZED_AUTOS = YES_AGGRESSIVE;
				GCC_WARN_UNUSED_FUNCTION = YES;
				GCC_WARN_UNUSED_VARIABLE = YES;
				IPHONEOS_DEPLOYMENT_TARGET = 13.4;
				MTL_ENABLE_DEBUG_INFO = INCLUDE_SOURCE;
				MTL_FAST_MATH = YES;
				ONLY_ACTIVE_ARCH = YES;
				SDKROOT = iphoneos;
				SWIFT_ACTIVE_COMPILATION_CONDITIONS = DEBUG;
				SWIFT_OPTIMIZATION_LEVEL = "-Onone";
			};
			name = Debug;
		};
		E4262D27245613B600B8C8CC /* Release */ = {
			isa = XCBuildConfiguration;
			buildSettings = {
				ALWAYS_SEARCH_USER_PATHS = NO;
				CLANG_ANALYZER_NONNULL = YES;
				CLANG_ANALYZER_NUMBER_OBJECT_CONVERSION = YES_AGGRESSIVE;
				CLANG_CXX_LANGUAGE_STANDARD = "gnu++14";
				CLANG_CXX_LIBRARY = "libc++";
				CLANG_ENABLE_MODULES = YES;
				CLANG_ENABLE_OBJC_ARC = YES;
				CLANG_ENABLE_OBJC_WEAK = YES;
				CLANG_WARN_BLOCK_CAPTURE_AUTORELEASING = YES;
				CLANG_WARN_BOOL_CONVERSION = YES;
				CLANG_WARN_COMMA = YES;
				CLANG_WARN_CONSTANT_CONVERSION = YES;
				CLANG_WARN_DEPRECATED_OBJC_IMPLEMENTATIONS = YES;
				CLANG_WARN_DIRECT_OBJC_ISA_USAGE = YES_ERROR;
				CLANG_WARN_DOCUMENTATION_COMMENTS = YES;
				CLANG_WARN_EMPTY_BODY = YES;
				CLANG_WARN_ENUM_CONVERSION = YES;
				CLANG_WARN_INFINITE_RECURSION = YES;
				CLANG_WARN_INT_CONVERSION = YES;
				CLANG_WARN_NON_LITERAL_NULL_CONVERSION = YES;
				CLANG_WARN_OBJC_IMPLICIT_RETAIN_SELF = YES;
				CLANG_WARN_OBJC_LITERAL_CONVERSION = YES;
				CLANG_WARN_OBJC_ROOT_CLASS = YES_ERROR;
				CLANG_WARN_RANGE_LOOP_ANALYSIS = YES;
				CLANG_WARN_STRICT_PROTOTYPES = YES;
				CLANG_WARN_SUSPICIOUS_MOVE = YES;
				CLANG_WARN_UNGUARDED_AVAILABILITY = YES_AGGRESSIVE;
				CLANG_WARN_UNREACHABLE_CODE = YES;
				CLANG_WARN__DUPLICATE_METHOD_MATCH = YES;
				COPY_PHASE_STRIP = NO;
				DEBUG_INFORMATION_FORMAT = "dwarf-with-dsym";
				ENABLE_NS_ASSERTIONS = NO;
				ENABLE_STRICT_OBJC_MSGSEND = YES;
				GCC_C_LANGUAGE_STANDARD = gnu11;
				GCC_NO_COMMON_BLOCKS = YES;
				GCC_WARN_64_TO_32_BIT_CONVERSION = YES;
				GCC_WARN_ABOUT_RETURN_TYPE = YES_ERROR;
				GCC_WARN_UNDECLARED_SELECTOR = YES;
				GCC_WARN_UNINITIALIZED_AUTOS = YES_AGGRESSIVE;
				GCC_WARN_UNUSED_FUNCTION = YES;
				GCC_WARN_UNUSED_VARIABLE = YES;
				IPHONEOS_DEPLOYMENT_TARGET = 13.4;
				MTL_ENABLE_DEBUG_INFO = NO;
				MTL_FAST_MATH = YES;
				SDKROOT = iphoneos;
				SWIFT_COMPILATION_MODE = wholemodule;
				SWIFT_OPTIMIZATION_LEVEL = "-O";
				VALIDATE_PRODUCT = YES;
			};
			name = Release;
		};
		E4262D29245613B600B8C8CC /* Debug */ = {
			isa = XCBuildConfiguration;
			buildSettings = {
				ASSETCATALOG_COMPILER_APPICON_NAME = AppIcon;
				CODE_SIGN_STYLE = Automatic;
				DEVELOPMENT_TEAM = P477CH45D5;
				INFOPLIST_FILE = AniLog/Info.plist;
				LD_RUNPATH_SEARCH_PATHS = (
					"$(inherited)",
					"@executable_path/Frameworks",
				);
				PRODUCT_BUNDLE_IDENTIFIER = "Shane-Barys.AniLog";
				PRODUCT_NAME = "$(TARGET_NAME)";
				SWIFT_VERSION = 5.0;
				TARGETED_DEVICE_FAMILY = "1,2";
			};
			name = Debug;
		};
		E4262D2A245613B600B8C8CC /* Release */ = {
			isa = XCBuildConfiguration;
			buildSettings = {
				ASSETCATALOG_COMPILER_APPICON_NAME = AppIcon;
				CODE_SIGN_STYLE = Automatic;
				DEVELOPMENT_TEAM = P477CH45D5;
				INFOPLIST_FILE = AniLog/Info.plist;
				LD_RUNPATH_SEARCH_PATHS = (
					"$(inherited)",
					"@executable_path/Frameworks",
				);
				PRODUCT_BUNDLE_IDENTIFIER = "Shane-Barys.AniLog";
				PRODUCT_NAME = "$(TARGET_NAME)";
				SWIFT_VERSION = 5.0;
				TARGETED_DEVICE_FAMILY = "1,2";
			};
			name = Release;
		};
/* End XCBuildConfiguration section */

/* Begin XCConfigurationList section */
		E4262D0F245613B400B8C8CC /* Build configuration list for PBXProject "AniLog" */ = {
			isa = XCConfigurationList;
			buildConfigurations = (
				E4262D26245613B600B8C8CC /* Debug */,
				E4262D27245613B600B8C8CC /* Release */,
			);
			defaultConfigurationIsVisible = 0;
			defaultConfigurationName = Release;
		};
		E4262D28245613B600B8C8CC /* Build configuration list for PBXNativeTarget "AniLog" */ = {
			isa = XCConfigurationList;
			buildConfigurations = (
				E4262D29245613B600B8C8CC /* Debug */,
				E4262D2A245613B600B8C8CC /* Release */,
			);
			defaultConfigurationIsVisible = 0;
			defaultConfigurationName = Release;
		};
/* End XCConfigurationList section */
	};
	rootObject = E4262D0C245613B400B8C8CC /* Project object */;
}
